
Microsoft Visual Studio Solution File, Format Version 12.00
# Visual Studio Version 17
VisualStudioVersion = 17.0.31903.59
MinimumVisualStudioVersion = 10.0.40219.1
Project("{FAE04EC0-301F-11D3-BF4B-00C04F79EFBC}") = "TugasFooBar", "Tugas FooBar\Tugas FooBar.csproj", "{C66A52B9-BF38-4046-B624-8D249350FF74}"
EndProject
Project("{FAE04EC0-301F-11D3-BF4B-00C04F79EFBC}") = "FooBar", "FooBar\FooBar.csproj", "{995F9A6F-72B6-46DE-9437-0F7BD428F22F}"
EndProject
Global
	GlobalSection(SolutionConfigurationPlatforms) = preSolution
		Debug|Any CPU = Debug|Any CPU
		Release|Any CPU = Release|Any CPU
	EndGlobalSection
	GlobalSection(SolutionProperties) = preSolution
		HideSolutionNode = FALSE
	EndGlobalSection
	GlobalSection(ProjectConfigurationPlatforms) = postSolution
		{C66A52B9-BF38-4046-B624-8D249350FF74}.Debug|Any CPU.ActiveCfg = Debug|Any CPU
		{C66A52B9-BF38-4046-B624-8D249350FF74}.Debug|Any CPU.Build.0 = Debug|Any CPU
		{C66A52B9-BF38-4046-B624-8D249350FF74}.Release|Any CPU.ActiveCfg = Release|Any CPU
		{C66A52B9-BF38-4046-B624-8D249350FF74}.Release|Any CPU.Build.0 = Release|Any CPU
		{995F9A6F-72B6-46DE-9437-0F7BD428F22F}.Debug|Any CPU.ActiveCfg = Debug|Any CPU
		{995F9A6F-72B6-46DE-9437-0F7BD428F22F}.Debug|Any CPU.Build.0 = Debug|Any CPU
		{995F9A6F-72B6-46DE-9437-0F7BD428F22F}.Release|Any CPU.ActiveCfg = Release|Any CPU
		{995F9A6F-72B6-46DE-9437-0F7BD428F22F}.Release|Any CPU.Build.0 = Release|Any CPU
	EndGlobalSection
EndGlobal
